// !$*UTF8*$!
{
	archiveVersion = 1;
	classes = {
	};
	objectVersion = 46;
	objects = {

/* Begin PBXBuildFile section */
		006A2B9E6A7FE34C483DC1DEF8E6E123 /* Credits.rtf in Resources */ = {isa = PBXBuildFile; fileRef = 2F01000BCB88938278FB807A881274AE /* Credits.rtf */; };
		08C523FF53619A5242E01B6E8F0D3769 /* libPods.a in Frameworks */ = {isa = PBXBuildFile; fileRef = 950FE60DAD0AAF0B0DD990B6644D528A /* libPods.a */; };
		0D8523A8F373C40BD9FF01446A19D339 /* SBNetServiceSearcher.m in Sources */ = {isa = PBXBuildFile; fileRef = 4AE632EB9E5940D7993D9C418FE847A5 /* SBNetServiceSearcher.m */; };
		18D14273131A38443DCB64DE058E2643 /* SBIdentityTypeDetection.m in Sources */ = {isa = PBXBuildFile; fileRef = AB3E0EC401B5AE724198BC15DD0E2AC0 /* SBIdentityTypeDetection.m */; };
		4213D3AD8689761D0448B8E570D33924 /* MGSFragaria.framework in Frameworks */ = {isa = PBXBuildFile; fileRef = B6AFB556C5C68E1D8446649FE286CB5C /* MGSFragaria.framework */; };
		51B62C219F4C59685DE8F03CD1341FE4 /* Cocoa.framework in Frameworks */ = {isa = PBXBuildFile; fileRef = EAC357A00B468B4A028438FEB9C73B9B /* Cocoa.framework */; };
		65E2769A3C499CA558F0A7B0EAC1DC2A /* MainMenu.xib in Resources */ = {isa = PBXBuildFile; fileRef = A69B1A6C9806FF89777B76FACAF11E24 /* MainMenu.xib */; };
		68AB35839A81B89F70BE9EB0E794F603 /* InfoPlist.strings in Resources */ = {isa = PBXBuildFile; fileRef = 44ACEE31C647C0527EF235C2761F8D73 /* InfoPlist.strings */; };
		844D7BCD6789CD01964F46D3D6F73551 /* MGSFragaria.framework in CopyFiles */ = {isa = PBXBuildFile; fileRef = B6AFB556C5C68E1D8446649FE286CB5C /* MGSFragaria.framework */; };
		8C7BF800004C4589CD7FB444C8142C9F /* main.m in Sources */ = {isa = PBXBuildFile; fileRef = DFD311885A6F7F4D9C4B2DA695B33DAE /* main.m */; };
		98A317C42324A9AA0793515F76AE66D0 /* SBAppDelegate.m in Sources */ = {isa = PBXBuildFile; fileRef = FE181896636B88D715D365AC54F360A5 /* SBAppDelegate.m */; };
		BB3E6A88B51FB0D1CFDB5737597B727E /* SBAPNS.m in Sources */ = {isa = PBXBuildFile; fileRef = 136B3A4F1C387A7460DF24E0D8260144 /* SBAPNS.m */; };
		EBD44C1ABF1E931E0E4E762AA746BBD9 /* Security.framework in Frameworks */ = {isa = PBXBuildFile; fileRef = 04B1BF1DE384E9DDB876DDC866493C1A /* Security.framework */; };
		EE2E481BD5FDFCF8866610FA058A0711 /* SecurityInterface.framework in Frameworks */ = {isa = PBXBuildFile; fileRef = 6EC3CB883564C0BDB795E21B3265D511 /* SecurityInterface.framework */; };
/* End PBXBuildFile section */

/* Begin PBXContainerItemProxy section */
		AD25FF5292CD31549CBF6CDDB64F0D27 /* PBXContainerItemProxy */ = {
			isa = PBXContainerItemProxy;
			containerPortal = 685BAD895ADEE0BD5CD586F2476CAF02 /* Fragaria.xcodeproj */;
			proxyType = 2;
			remoteGlobalIDString = A9EFEB6AC99E9E2A246266D1275D6E40;
			remoteInfo = "Fragaria Doc";
		};
		3514B7BFA8B2E3F4D919AFB518AE63C3 /* PBXContainerItemProxy */ = {
			isa = PBXContainerItemProxy;
			containerPortal = 685BAD895ADEE0BD5CD586F2476CAF02 /* Fragaria.xcodeproj */;
			proxyType = 2;
			remoteGlobalIDString = C7045166BBCA47361F6704E0B3024A8C;
			remoteInfo = "Fragaria GC";
		};
		A3F684867CFC2390B42F87756BF91B4B /* PBXContainerItemProxy */ = {
			isa = PBXContainerItemProxy;
			containerPortal = 685BAD895ADEE0BD5CD586F2476CAF02 /* Fragaria.xcodeproj */;
			proxyType = 2;
			remoteGlobalIDString = 5770E5AFF4596C8673664A283216187D;
			remoteInfo = Fragaria;
		};
		EAD81229D38955380649420F1EB36B00 /* PBXContainerItemProxy */ = {
			isa = PBXContainerItemProxy;
			containerPortal = 685BAD895ADEE0BD5CD586F2476CAF02 /* Fragaria.xcodeproj */;
			proxyType = 2;
			remoteGlobalIDString = 7D6BBAC7EB9F65D1A5E23C918904BB3C;
			remoteInfo = MGSFragaria;
		};
		93C3FC5A6802B9FE71D1FF44E08C33F7 /* PBXContainerItemProxy */ = {
			isa = PBXContainerItemProxy;
			containerPortal = 685BAD895ADEE0BD5CD586F2476CAF02 /* Fragaria.xcodeproj */;
			proxyType = 1;
			remoteGlobalIDString = DC04FEFFD8EF20F0FB9FDBCF7ADB754B;
			remoteInfo = MGSFragaria;
		};
/* End PBXContainerItemProxy section */

/* Begin PBXCopyFilesBuildPhase section */
		AC75082025189C846916C27035EC293E /* CopyFiles */ = {
			isa = PBXCopyFilesBuildPhase;
			buildActionMask = 2147483647;
			dstPath = "";
			dstSubfolderSpec = 10;
			files = (
				844D7BCD6789CD01964F46D3D6F73551 /* MGSFragaria.framework in CopyFiles */,
			);
			runOnlyForDeploymentPostprocessing = 0;
		};
/* End PBXCopyFilesBuildPhase section */

/* Begin PBXFileReference section */
		028F8A937DFCE384C79EB327F57928BD /* SBIdentityType.h */ = {isa = PBXFileReference; fileEncoding = 4; lastKnownFileType = sourcecode.c.h; path = SBIdentityType.h; sourceTree = "<group>"; };
		04B1BF1DE384E9DDB876DDC866493C1A /* Security.framework */ = {isa = PBXFileReference; lastKnownFileType = wrapper.framework; name = Security.framework; path = System/Library/Frameworks/Security.framework; sourceTree = SDKROOT; };
		1341C73AE3BC520AF24901AB1D564FB9 /* SBAppDelegate.h */ = {isa = PBXFileReference; lastKnownFileType = sourcecode.c.h; path = SBAppDelegate.h; sourceTree = "<group>"; };
		136B3A4F1C387A7460DF24E0D8260144 /* SBAPNS.m */ = {isa = PBXFileReference; fileEncoding = 4; lastKnownFileType = sourcecode.c.objc; path = SBAPNS.m; sourceTree = "<group>"; };
		153B6FF19074EF25628B00DD20CEDE8F /* SBIdentityTypeDetection.h */ = {isa = PBXFileReference; fileEncoding = 4; lastKnownFileType = sourcecode.c.h; path = SBIdentityTypeDetection.h; sourceTree = "<group>"; };
		22852AC674D95955B70C060A2E22305A /* SBAPNS.h */ = {isa = PBXFileReference; fileEncoding = 4; lastKnownFileType = sourcecode.c.h; path = SBAPNS.h; sourceTree = "<group>"; };
		4AE632EB9E5940D7993D9C418FE847A5 /* SBNetServiceSearcher.m */ = {isa = PBXFileReference; fileEncoding = 4; lastKnownFileType = sourcecode.c.objc; path = SBNetServiceSearcher.m; sourceTree = "<group>"; };
		515BC9CEBC45804A8B51D9B3416FED33 /* en */ = {isa = PBXFileReference; lastKnownFileType = text.plist.strings; name = en; path = en.lproj/InfoPlist.strings; sourceTree = "<group>"; };
		685BAD895ADEE0BD5CD586F2476CAF02 /* Fragaria.xcodeproj */ = {isa = PBXFileReference; lastKnownFileType = "wrapper.pb-project"; path = Fragaria.xcodeproj; sourceTree = "<group>"; };
		6EC3CB883564C0BDB795E21B3265D511 /* SecurityInterface.framework */ = {isa = PBXFileReference; lastKnownFileType = wrapper.framework; name = SecurityInterface.framework; path = System/Library/Frameworks/SecurityInterface.framework; sourceTree = SDKROOT; };
		7048C9C5ED71004947F8ACD0355A43A5 /* en */ = {isa = PBXFileReference; lastKnownFileType = text.rtf; name = en; path = en.lproj/Credits.rtf; sourceTree = "<group>"; };
		7AADAF04DADBF623AA8A1BBBA16FF5FC /* AppKit.framework */ = {isa = PBXFileReference; lastKnownFileType = wrapper.framework; name = AppKit.framework; path = System/Library/Frameworks/AppKit.framework; sourceTree = SDKROOT; };
		80D11834AD4C93D6FBB456149CA11304 /* APNS Pusher.app */ = {isa = PBXFileReference; explicitFileType = wrapper.application; includeInIndex = 0; path = "APNS Pusher.app"; sourceTree = BUILT_PRODUCTS_DIR; };
		862C73B79B95F1359172B826CAD373C6 /* SBNetServiceSearcher.h */ = {isa = PBXFileReference; fileEncoding = 4; lastKnownFileType = sourcecode.c.h; path = SBNetServiceSearcher.h; sourceTree = "<group>"; };
		950FE60DAD0AAF0B0DD990B6644D528A /* libPods.a */ = {isa = PBXFileReference; explicitFileType = archive.ar; includeInIndex = 0; path = libPods.a; sourceTree = BUILT_PRODUCTS_DIR; };
		9A1E40C636CE45A608C422C8BD0D8026 /* Pods.xcconfig */ = {isa = PBXFileReference; includeInIndex = 1; lastKnownFileType = text.xcconfig; name = Pods.xcconfig; path = Pods/Pods.xcconfig; sourceTree = "<group>"; };
		AB3E0EC401B5AE724198BC15DD0E2AC0 /* SBIdentityTypeDetection.m */ = {isa = PBXFileReference; fileEncoding = 4; lastKnownFileType = sourcecode.c.objc; path = SBIdentityTypeDetection.m; sourceTree = "<group>"; };
		B6508DF85F8DAC5717C624DB11DEA12E /* APNS Pusher-Prefix.pch */ = {isa = PBXFileReference; lastKnownFileType = sourcecode.c.h; path = "APNS Pusher-Prefix.pch"; sourceTree = "<group>"; };
		B9E9855EE775AA6857FCBC5840D8B8EC /* en */ = {isa = PBXFileReference; lastKnownFileType = file.xib; name = en; path = en.lproj/MainMenu.xib; sourceTree = "<group>"; };
		CB9387C11281469CF09C2A82CAC2B5F9 /* APNS Pusher-Info.plist */ = {isa = PBXFileReference; lastKnownFileType = text.plist.xml; path = "APNS Pusher-Info.plist"; sourceTree = "<group>"; };
		D80C02C10849EC23E6BABC412A512127 /* Foundation.framework */ = {isa = PBXFileReference; lastKnownFileType = wrapper.framework; name = Foundation.framework; path = System/Library/Frameworks/Foundation.framework; sourceTree = SDKROOT; };
		DFD311885A6F7F4D9C4B2DA695B33DAE /* main.m */ = {isa = PBXFileReference; lastKnownFileType = sourcecode.c.objc; path = main.m; sourceTree = "<group>"; };
		E765F9F914A34F8764C6CA8D4CB0DC1F /* CoreData.framework */ = {isa = PBXFileReference; lastKnownFileType = wrapper.framework; name = CoreData.framework; path = System/Library/Frameworks/CoreData.framework; sourceTree = SDKROOT; };
		EAC357A00B468B4A028438FEB9C73B9B /* Cocoa.framework */ = {isa = PBXFileReference; lastKnownFileType = wrapper.framework; name = Cocoa.framework; path = System/Library/Frameworks/Cocoa.framework; sourceTree = SDKROOT; };
		FE181896636B88D715D365AC54F360A5 /* SBAppDelegate.m */ = {isa = PBXFileReference; lastKnownFileType = sourcecode.c.objc; path = SBAppDelegate.m; sourceTree = "<group>"; };
/* End PBXFileReference section */

/* Begin PBXFrameworksBuildPhase section */
		CD6442A4F9B1791252FAF9AD65A9159E /* Frameworks */ = {
			isa = PBXFrameworksBuildPhase;
			buildActionMask = 2147483647;
			files = (
				51B62C219F4C59685DE8F03CD1341FE4 /* Cocoa.framework in Frameworks */,
				4213D3AD8689761D0448B8E570D33924 /* MGSFragaria.framework in Frameworks */,
				EBD44C1ABF1E931E0E4E762AA746BBD9 /* Security.framework in Frameworks */,
				EE2E481BD5FDFCF8866610FA058A0711 /* SecurityInterface.framework in Frameworks */,
				08C523FF53619A5242E01B6E8F0D3769 /* libPods.a in Frameworks */,
			);
			runOnlyForDeploymentPostprocessing = 0;
		};
/* End PBXFrameworksBuildPhase section */

/* Begin PBXGroup section */
		2E7FB8DBD58289EEDC2E98D61A6A5849 = {
			isa = PBXGroup;
			children = (
				9F9FBCEB05540CA4721BF6458843C503 /* APNS Pusher */,
				E8BCED912C66E57CD3861FBA8DD19100 /* Frameworks */,
				4B26430E3A65711372C7C72ACB6BC85F /* Products */,
				C9574C5BDCE92EB7DE9672FFB9E347AE /* Vendor */,
				9A1E40C636CE45A608C422C8BD0D8026 /* Pods.xcconfig */,
			);
			sourceTree = "<group>";
		};
		4B26430E3A65711372C7C72ACB6BC85F /* Products */ = {
			isa = PBXGroup;
			children = (
				80D11834AD4C93D6FBB456149CA11304 /* APNS Pusher.app */,
			);
			name = Products;
			sourceTree = "<group>";
		};
		E8BCED912C66E57CD3861FBA8DD19100 /* Frameworks */ = {
			isa = PBXGroup;
			children = (
				8B73622A485B5B6C02BE523D164291DD /* Other Frameworks */,
				EAC357A00B468B4A028438FEB9C73B9B /* Cocoa.framework */,
				04B1BF1DE384E9DDB876DDC866493C1A /* Security.framework */,
				6EC3CB883564C0BDB795E21B3265D511 /* SecurityInterface.framework */,
				950FE60DAD0AAF0B0DD990B6644D528A /* libPods.a */,
			);
			name = Frameworks;
			sourceTree = "<group>";
		};
		8B73622A485B5B6C02BE523D164291DD /* Other Frameworks */ = {
			isa = PBXGroup;
			children = (
				7AADAF04DADBF623AA8A1BBBA16FF5FC /* AppKit.framework */,
				E765F9F914A34F8764C6CA8D4CB0DC1F /* CoreData.framework */,
				D80C02C10849EC23E6BABC412A512127 /* Foundation.framework */,
			);
			name = "Other Frameworks";
			sourceTree = "<group>";
		};
		9F9FBCEB05540CA4721BF6458843C503 /* APNS Pusher */ = {
			isa = PBXGroup;
			children = (
				C5AAC487CD50C114651A932B1FF04EB7 /* Supporting Files */,
				A69B1A6C9806FF89777B76FACAF11E24 /* MainMenu.xib */,
				22852AC674D95955B70C060A2E22305A /* SBAPNS.h */,
				136B3A4F1C387A7460DF24E0D8260144 /* SBAPNS.m */,
				1341C73AE3BC520AF24901AB1D564FB9 /* SBAppDelegate.h */,
				FE181896636B88D715D365AC54F360A5 /* SBAppDelegate.m */,
				028F8A937DFCE384C79EB327F57928BD /* SBIdentityType.h */,
				153B6FF19074EF25628B00DD20CEDE8F /* SBIdentityTypeDetection.h */,
				AB3E0EC401B5AE724198BC15DD0E2AC0 /* SBIdentityTypeDetection.m */,
				862C73B79B95F1359172B826CAD373C6 /* SBNetServiceSearcher.h */,
				4AE632EB9E5940D7993D9C418FE847A5 /* SBNetServiceSearcher.m */,
			);
			path = "APNS Pusher";
			sourceTree = "<group>";
		};
		C5AAC487CD50C114651A932B1FF04EB7 /* Supporting Files */ = {
			isa = PBXGroup;
			children = (
				CB9387C11281469CF09C2A82CAC2B5F9 /* APNS Pusher-Info.plist */,
				B6508DF85F8DAC5717C624DB11DEA12E /* APNS Pusher-Prefix.pch */,
				2F01000BCB88938278FB807A881274AE /* Credits.rtf */,
				44ACEE31C647C0527EF235C2761F8D73 /* InfoPlist.strings */,
				DFD311885A6F7F4D9C4B2DA695B33DAE /* main.m */,
			);
			name = "Supporting Files";
			sourceTree = "<group>";
		};
		C9574C5BDCE92EB7DE9672FFB9E347AE /* Vendor */ = {
			isa = PBXGroup;
			children = (
				DB73246478909A24C19B58FA7B32E034 /* Fragaria */,
			);
			path = Vendor;
			sourceTree = "<group>";
		};
		DB73246478909A24C19B58FA7B32E034 /* Fragaria */ = {
			isa = PBXGroup;
			children = (
				685BAD895ADEE0BD5CD586F2476CAF02 /* Fragaria.xcodeproj */,
			);
			path = Fragaria;
			sourceTree = "<group>";
		};
		F293365A6D2CF0E21D88E7D697DC0CF0 /* Products */ = {
			isa = PBXGroup;
			children = (
				0D088089F805107B4156828C7221EAE4 /* Fragaria Doc.app */,
				510C187CF9B2FF69112107702EC58CAC /* Fragaria GC.app */,
				060F0E9C83D9AB912FFF8082EA11D12D /* Fragaria.app */,
				B6AFB556C5C68E1D8446649FE286CB5C /* MGSFragaria.framework */,
			);
			name = Products;
			sourceTree = "<group>";
		};
/* End PBXGroup section */

/* Begin PBXNativeTarget section */
		A139668EA575A0CDB409C52AF46F82AB /* APNS Pusher */ = {
			isa = PBXNativeTarget;
			buildConfigurationList = 81AB4179B80A28C0412BCBD430F3123B /* Build configuration list for PBXNativeTarget "APNS Pusher" */;
			buildPhases = (
				0E8B293A45DA433EFEE2ED5A2925702B /* Check Pods Manifest.lock */,
				6C1205B5AB0718453697F3CFA9E555BF /* Sources */,
				CD6442A4F9B1791252FAF9AD65A9159E /* Frameworks */,
				CAB2A7C1A92706228373FA0A8705E45C /* Resources */,
				AC75082025189C846916C27035EC293E /* CopyFiles */,
				0E8B293A45DA433EFEE2ED5A2925702B /* Copy Pods Resources */,
			);
			buildRules = (
			);
			dependencies = (
				961D7B51C2F5277D4DCFF278FBD06E4C /* PBXTargetDependency */,
			);
			name = "APNS Pusher";
			productName = "APNS Pusher";
			productReference = 80D11834AD4C93D6FBB456149CA11304 /* APNS Pusher.app */;
			productType = "com.apple.product-type.application";
		};
/* End PBXNativeTarget section */

/* Begin PBXProject section */
		196D44AE7C04F3AB015BB79C8E31C7E5 /* Project object */ = {
			isa = PBXProject;
			attributes = {
				LastUpgradeCheck = 0460;
				ORGANIZATIONNAME = Doubleint;
			};
			buildConfigurationList = FE7E5574E67F11C836EBDFD41FF6C759 /* Build configuration list for PBXProject "APNS Pusher" */;
			compatibilityVersion = "Xcode 3.2";
			developmentRegion = English;
			hasScannedForEncodings = 0;
			knownRegions = (
				en,
			);
			mainGroup = 2E7FB8DBD58289EEDC2E98D61A6A5849;
			productRefGroup = 4B26430E3A65711372C7C72ACB6BC85F /* Products */;
			projectDirPath = "";
			projectReferences = (
				{
					ProductGroup = F293365A6D2CF0E21D88E7D697DC0CF0 /* Products */;
					ProjectRef = 685BAD895ADEE0BD5CD586F2476CAF02 /* Fragaria.xcodeproj */;
				},
			);
			projectRoot = "";
			targets = (
				A139668EA575A0CDB409C52AF46F82AB /* APNS Pusher */,
			);
		};
/* End PBXProject section */

/* Begin PBXReferenceProxy section */
		0D088089F805107B4156828C7221EAE4 /* Fragaria Doc.app */ = {
			isa = PBXReferenceProxy;
			fileType = wrapper.application;
			path = "Fragaria Doc.app";
			remoteRef = AD25FF5292CD31549CBF6CDDB64F0D27 /* PBXContainerItemProxy */;
			sourceTree = BUILT_PRODUCTS_DIR;
		};
		510C187CF9B2FF69112107702EC58CAC /* Fragaria GC.app */ = {
			isa = PBXReferenceProxy;
			fileType = wrapper.application;
			path = "Fragaria GC.app";
			remoteRef = 3514B7BFA8B2E3F4D919AFB518AE63C3 /* PBXContainerItemProxy */;
			sourceTree = BUILT_PRODUCTS_DIR;
		};
		060F0E9C83D9AB912FFF8082EA11D12D /* Fragaria.app */ = {
			isa = PBXReferenceProxy;
			fileType = wrapper.application;
			path = Fragaria.app;
			remoteRef = A3F684867CFC2390B42F87756BF91B4B /* PBXContainerItemProxy */;
			sourceTree = BUILT_PRODUCTS_DIR;
		};
		B6AFB556C5C68E1D8446649FE286CB5C /* MGSFragaria.framework */ = {
			isa = PBXReferenceProxy;
			fileType = wrapper.framework;
			path = MGSFragaria.framework;
			remoteRef = EAD81229D38955380649420F1EB36B00 /* PBXContainerItemProxy */;
			sourceTree = BUILT_PRODUCTS_DIR;
		};
/* End PBXReferenceProxy section */

/* Begin PBXResourcesBuildPhase section */
		CAB2A7C1A92706228373FA0A8705E45C /* Resources */ = {
			isa = PBXResourcesBuildPhase;
			buildActionMask = 2147483647;
			files = (
				006A2B9E6A7FE34C483DC1DEF8E6E123 /* Credits.rtf in Resources */,
				68AB35839A81B89F70BE9EB0E794F603 /* InfoPlist.strings in Resources */,
				65E2769A3C499CA558F0A7B0EAC1DC2A /* MainMenu.xib in Resources */,
			);
			runOnlyForDeploymentPostprocessing = 0;
		};
/* End PBXResourcesBuildPhase section */

/* Begin PBXShellScriptBuildPhase section */
		0E8B293A45DA433EFEE2ED5A2925702B /* Copy Pods Resources */ = {
			isa = PBXShellScriptBuildPhase;
			buildActionMask = 2147483647;
			files = (
			);
			inputPaths = (
			);
			name = "Copy Pods Resources";
			outputPaths = (
			);
			runOnlyForDeploymentPostprocessing = 0;
			shellPath = /bin/sh;
			shellScript = "\"${SRCROOT}/Pods/Pods-resources.sh\"\n";
			showEnvVarsInLog = 0;
		};
		0E8B293A45DA433EFEE2ED5A2925702B /* Check Pods Manifest.lock */ = {
			isa = PBXShellScriptBuildPhase;
			buildActionMask = 2147483647;
			files = (
			);
			inputPaths = (
			);
			name = "Check Pods Manifest.lock";
			outputPaths = (
			);
			runOnlyForDeploymentPostprocessing = 0;
			shellPath = /bin/sh;
			shellScript = "diff \"${PODS_ROOT}/../Podfile.lock\" \"${PODS_ROOT}/Manifest.lock\" > /dev/null\nif [[ $? != 0 ]] ; then\n    cat << EOM\nerror: The sandbox is not in sync with the Podfile.lock. Run 'pod install' or update your CocoaPods installation.\nEOM\n    exit 1\nfi\n";
			showEnvVarsInLog = 0;
		};
/* End PBXShellScriptBuildPhase section */

/* Begin PBXSourcesBuildPhase section */
		6C1205B5AB0718453697F3CFA9E555BF /* Sources */ = {
			isa = PBXSourcesBuildPhase;
			buildActionMask = 2147483647;
			files = (
				BB3E6A88B51FB0D1CFDB5737597B727E /* SBAPNS.m in Sources */,
				98A317C42324A9AA0793515F76AE66D0 /* SBAppDelegate.m in Sources */,
				18D14273131A38443DCB64DE058E2643 /* SBIdentityTypeDetection.m in Sources */,
				0D8523A8F373C40BD9FF01446A19D339 /* SBNetServiceSearcher.m in Sources */,
				8C7BF800004C4589CD7FB444C8142C9F /* main.m in Sources */,
			);
			runOnlyForDeploymentPostprocessing = 0;
		};
/* End PBXSourcesBuildPhase section */

/* Begin PBXTargetDependency section */
		961D7B51C2F5277D4DCFF278FBD06E4C /* PBXTargetDependency */ = {
			isa = PBXTargetDependency;
			name = MGSFragaria;
			targetProxy = 93C3FC5A6802B9FE71D1FF44E08C33F7 /* PBXContainerItemProxy */;
		};
/* End PBXTargetDependency section */

/* Begin PBXVariantGroup section */
		44ACEE31C647C0527EF235C2761F8D73 /* InfoPlist.strings */ = {
			isa = PBXVariantGroup;
			children = (
				515BC9CEBC45804A8B51D9B3416FED33 /* en */,
			);
			name = InfoPlist.strings;
			sourceTree = "<group>";
		};
		2F01000BCB88938278FB807A881274AE /* Credits.rtf */ = {
			isa = PBXVariantGroup;
			children = (
				7048C9C5ED71004947F8ACD0355A43A5 /* en */,
			);
			name = Credits.rtf;
			sourceTree = "<group>";
		};
		A69B1A6C9806FF89777B76FACAF11E24 /* MainMenu.xib */ = {
			isa = PBXVariantGroup;
			children = (
				B9E9855EE775AA6857FCBC5840D8B8EC /* en */,
			);
			name = MainMenu.xib;
			sourceTree = "<group>";
		};
/* End PBXVariantGroup section */

/* Begin XCBuildConfiguration section */
		09671F2BE09CBC53EDC78E6BC7CE2CE5 /* Debug */ = {
			isa = XCBuildConfiguration;
			buildSettings = {
				ALWAYS_SEARCH_USER_PATHS = NO;
				ARCHS = "$(ARCHS_STANDARD_64_BIT)";
				CLANG_ENABLE_OBJC_ARC = YES;
				CLANG_WARN_CONSTANT_CONVERSION = YES;
				CLANG_WARN_ENUM_CONVERSION = YES;
				CLANG_WARN_INT_CONVERSION = YES;
				CLANG_WARN__DUPLICATE_METHOD_MATCH = YES;
				COPY_PHASE_STRIP = NO;
				GCC_C_LANGUAGE_STANDARD = gnu99;
				GCC_DYNAMIC_NO_PIC = NO;
				GCC_ENABLE_OBJC_EXCEPTIONS = YES;
				GCC_OPTIMIZATION_LEVEL = 0;
				GCC_PREPROCESSOR_DEFINITIONS = (
					"DEBUG=1",
					"$(inherited)",
				);
				GCC_SYMBOLS_PRIVATE_EXTERN = NO;
				GCC_VERSION = com.apple.compilers.llvm.clang.1_0;
				GCC_WARN_64_TO_32_BIT_CONVERSION = YES;
				GCC_WARN_ABOUT_MISSING_PROTOTYPES = YES;
				GCC_WARN_ABOUT_RETURN_TYPE = YES;
				GCC_WARN_UNINITIALIZED_AUTOS = YES;
				GCC_WARN_UNUSED_VARIABLE = YES;
				MACOSX_DEPLOYMENT_TARGET = 10.7;
				ONLY_ACTIVE_ARCH = YES;
				SDKROOT = macosx;
			};
			name = Debug;
		};
		FD51EBFEEDD68B930321330418E59D3D /* Release */ = {
			isa = XCBuildConfiguration;
			buildSettings = {
				ALWAYS_SEARCH_USER_PATHS = NO;
				ARCHS = "$(ARCHS_STANDARD_64_BIT)";
				CLANG_ENABLE_OBJC_ARC = YES;
				CLANG_WARN_CONSTANT_CONVERSION = YES;
				CLANG_WARN_ENUM_CONVERSION = YES;
				CLANG_WARN_INT_CONVERSION = YES;
				CLANG_WARN__DUPLICATE_METHOD_MATCH = YES;
				COPY_PHASE_STRIP = YES;
				DEBUG_INFORMATION_FORMAT = "dwarf-with-dsym";
				GCC_C_LANGUAGE_STANDARD = gnu99;
				GCC_ENABLE_OBJC_EXCEPTIONS = YES;
				GCC_VERSION = com.apple.compilers.llvm.clang.1_0;
				GCC_WARN_64_TO_32_BIT_CONVERSION = YES;
				GCC_WARN_ABOUT_MISSING_PROTOTYPES = YES;
				GCC_WARN_ABOUT_RETURN_TYPE = YES;
				GCC_WARN_UNINITIALIZED_AUTOS = YES;
				GCC_WARN_UNUSED_VARIABLE = YES;
				MACOSX_DEPLOYMENT_TARGET = 10.7;
				SDKROOT = macosx;
			};
			name = Release;
		};
		02A13932718AB44DA2E9F0FC29C195AC /* Debug */ = {
			isa = XCBuildConfiguration;
			baseConfigurationReference = 9A1E40C636CE45A608C422C8BD0D8026 /* Pods.xcconfig */;
			buildSettings = {
				COMBINE_HIDPI_IMAGES = YES;
				GCC_PRECOMPILE_PREFIX_HEADER = YES;
				GCC_PREFIX_HEADER = "APNS Pusher/APNS Pusher-Prefix.pch";
				INFOPLIST_FILE = "APNS Pusher/APNS Pusher-Info.plist";
				MACOSX_DEPLOYMENT_TARGET = 10.8;
				PRODUCT_NAME = "$(TARGET_NAME)";
				WRAPPER_EXTENSION = app;
			};
			name = Debug;
		};
		59600E892336D39149F93B27B6E81AFB /* Release */ = {
			isa = XCBuildConfiguration;
			baseConfigurationReference = 9A1E40C636CE45A608C422C8BD0D8026 /* Pods.xcconfig */;
			buildSettings = {
				COMBINE_HIDPI_IMAGES = YES;
				GCC_PRECOMPILE_PREFIX_HEADER = YES;
				GCC_PREFIX_HEADER = "APNS Pusher/APNS Pusher-Prefix.pch";
				INFOPLIST_FILE = "APNS Pusher/APNS Pusher-Info.plist";
				MACOSX_DEPLOYMENT_TARGET = 10.8;
				PRODUCT_NAME = "$(TARGET_NAME)";
				WRAPPER_EXTENSION = app;
			};
			name = Release;
		};
/* End XCBuildConfiguration section */

/* Begin XCConfigurationList section */
		FE7E5574E67F11C836EBDFD41FF6C759 /* Build configuration list for PBXProject "APNS Pusher" */ = {
			isa = XCConfigurationList;
			buildConfigurations = (
				09671F2BE09CBC53EDC78E6BC7CE2CE5 /* Debug */,
				FD51EBFEEDD68B930321330418E59D3D /* Release */,
			);
			defaultConfigurationIsVisible = 0;
			defaultConfigurationName = Release;
		};
		81AB4179B80A28C0412BCBD430F3123B /* Build configuration list for PBXNativeTarget "APNS Pusher" */ = {
			isa = XCConfigurationList;
			buildConfigurations = (
				02A13932718AB44DA2E9F0FC29C195AC /* Debug */,
				59600E892336D39149F93B27B6E81AFB /* Release */,
			);
			defaultConfigurationIsVisible = 0;
			defaultConfigurationName = Release;
		};
/* End XCConfigurationList section */
	};
	rootObject = 196D44AE7C04F3AB015BB79C8E31C7E5 /* Project object */;
}
